
Microsoft Visual Studio Solution File, Format Version 12.00
# Visual Studio 15
VisualStudioVersion = 15.0.28307.1401
MinimumVisualStudioVersion = 10.0.40219.1
Project("{FAE04EC0-301F-11D3-BF4B-00C04F79EFBC}") = "NUnitTests", "NUnitTests.csproj", "{D843965F-8B15-4782-804B-A96664B54BF5}"
EndProject
Project("{9A19103F-16F7-4668-BE54-9A1E7A4F7556}") = "Majestic12.HTMLparser", "..\..\Majestic12.HTMLparser\Majestic12.HTMLparser.csproj", "{C0C817D7-84A5-4C3A-8E0F-2C5FB5204F8F}"
EndProject
Global
	GlobalSection(SolutionConfigurationPlatforms) = preSolution
		Debug|Any CPU = Debug|Any CPU
		Release|Any CPU = Release|Any CPU
	EndGlobalSection
	GlobalSection(ProjectConfigurationPlatforms) = postSolution
		{D843965F-8B15-4782-804B-A96664B54BF5}.Debug|Any CPU.ActiveCfg = Debug|Any CPU
		{D843965F-8B15-4782-804B-A96664B54BF5}.Debug|Any CPU.Build.0 = Debug|Any CPU
		{D843965F-8B15-4782-804B-A96664B54BF5}.Release|Any CPU.ActiveCfg = Release|Any CPU
		{D843965F-8B15-4782-804B-A96664B54BF5}.Release|Any CPU.Build.0 = Release|Any CPU
		{C0C817D7-84A5-4C3A-8E0F-2C5FB5204F8F}.Debug|Any CPU.ActiveCfg = Debug|Any CPU
		{C0C817D7-84A5-4C3A-8E0F-2C5FB5204F8F}.Debug|Any CPU.Build.0 = Debug|Any CPU
		{C0C817D7-84A5-4C3A-8E0F-2C5FB5204F8F}.Release|Any CPU.ActiveCfg = Release|Any CPU
		{C0C817D7-84A5-4C3A-8E0F-2C5FB5204F8F}.Release|Any CPU.Build.0 = Release|Any CPU
	EndGlobalSection
	GlobalSection(SolutionProperties) = preSolution
		HideSolutionNode = FALSE
	EndGlobalSection
	GlobalSection(ExtensibilityGlobals) = postSolution
		SolutionGuid = {5992602E-6F07-40C2-AF79-F2F43AF01293}
	EndGlobalSection
EndGlobal
